
Microsoft Visual Studio Solution File, Format Version 12.00
# Visual Studio Version 17
VisualStudioVersion = 17.9.34526.213
MinimumVisualStudioVersion = 10.0.40219.1
Project("{FAE04EC0-301F-11D3-BF4B-00C04F79EFBC}") = "rinha-backend-24", "rinha-backend-24.csproj", "{167C5850-0865-491B-B078-FEB7F57141D0}"
EndProject
Global
	GlobalSection(SolutionConfigurationPlatforms) = preSolution
		Debug|Any CPU = Debug|Any CPU
		Release|Any CPU = Release|Any CPU
	EndGlobalSection
	GlobalSection(ProjectConfigurationPlatforms) = postSolution
		{167C5850-0865-491B-B078-FEB7F57141D0}.Debug|Any CPU.ActiveCfg = Debug|Any CPU
		{167C5850-0865-491B-B078-FEB7F57141D0}.Debug|Any CPU.Build.0 = Debug|Any CPU
		{167C5850-0865-491B-B078-FEB7F57141D0}.Release|Any CPU.ActiveCfg = Release|Any CPU
		{167C5850-0865-491B-B078-FEB7F57141D0}.Release|Any CPU.Build.0 = Release|Any CPU
	EndGlobalSection
	GlobalSection(SolutionProperties) = preSolution
		HideSolutionNode = FALSE
	EndGlobalSection
	GlobalSection(ExtensibilityGlobals) = postSolution
		SolutionGuid = {12145934-08EE-45C7-A09C-A1D7881D1EC0}
	EndGlobalSection
EndGlobal
